Microsoft Visual Studio Solution File, Format Version 12.00
# Visual Studio Version 17
VisualStudioVersion = 17.10.34928.147
MinimumVisualStudioVersion = 10.0.40219.1
Project("{9A19103F-16F7-4668-BE54-9A1E7A4F7556}") = "AltControllerXP", "AltControllerXP\AltControllerXP.csproj", "{A835F483-FA6A-43A5-90AC-15E8AADAC739}"
EndProject
Project("{9A19103F-16F7-4668-BE54-9A1E7A4F7556}") = "AltControllerXP.InstallUtils", "AltControllerXP.InstallUtils\AltControllerXP.InstallUtils.csproj", "{F6812A86-FD7F-4932-A5D3-D6E2BB33B243}"
EndProject
Global
	GlobalSection(SolutionConfigurationPlatforms) = preSolution
		Debug|Any CPU = Debug|Any CPU
		Release|Any CPU = Release|Any CPU
	EndGlobalSection
	GlobalSection(ProjectConfigurationPlatforms) = postSolution
		{A835F483-FA6A-43A5-90AC-15E8AADAC739}.Debug|Any CPU.ActiveCfg = Debug|Any CPU
		{A835F483-FA6A-43A5-90AC-15E8AADAC739}.Release|Any CPU.ActiveCfg = Release|Any CPU
		{F6812A86-FD7F-4932-A5D3-D6E2BB33B243}.Debug|Any CPU.ActiveCfg = Debug|Any CPU
		{F6812A86-FD7F-4932-A5D3-D6E2BB33B243}.Debug|Any CPU.Build.0 = Debug|Any CPU
		{F6812A86-FD7F-4932-A5D3-D6E2BB33B243}.Release|Any CPU.ActiveCfg = Release|Any CPU
		{F6812A86-FD7F-4932-A5D3-D6E2BB33B243}.Release|Any CPU.Build.0 = Release|Any CPU
	EndGlobalSection
	GlobalSection(SolutionProperties) = preSolution
		HideSolutionNode = FALSE
	EndGlobalSection
	GlobalSection(ExtensibilityGlobals) = postSolution
		SolutionGuid = {5F3224CE-1887-4D2E-AB1F-E3A989909742}
	EndGlobalSection
EndGlobal
